version: 4
environments:
  default:
    channels:
    - url: https://conda.anaconda.org/conda-forge/
    packages:
      osx-arm64:
      - conda: https://conda.anaconda.org/conda-forge/osx-arm64/aiohttp-3.9.5-py312he37b823_0.conda
      - conda: https://conda.anaconda.org/conda-forge/noarch/aiosignal-1.3.1-pyhd8ed1ab_0.tar.bz2
      - conda: https://conda.anaconda.org/conda-forge/noarch/attrs-23.2.0-pyh71513ae_0.conda
      - conda: https://conda.anaconda.org/conda-forge/noarch/boto3-1.34.90-pyhd8ed1ab_0.conda
      - conda: https://conda.anaconda.org/conda-forge/noarch/botocore-1.34.90-pyge310_1234567_0.conda
      - conda: https://conda.anaconda.org/conda-forge/osx-arm64/brotli-python-1.1.0-py312h9f69965_1.conda
      - conda: https://conda.anaconda.org/conda-forge/osx-arm64/bzip2-1.0.8-h93a5062_5.conda
      - conda: https://conda.anaconda.org/conda-forge/osx-arm64/ca-certificates-2024.2.2-hf0a4a13_0.conda
      - conda: https://conda.anaconda.org/conda-forge/noarch/certifi-2024.2.2-pyhd8ed1ab_0.conda
      - conda: https://conda.anaconda.org/conda-forge/osx-arm64/cffi-1.16.0-py312h8e38eb3_0.conda
      - conda: https://conda.anaconda.org/conda-forge/noarch/charset-normalizer-3.3.2-pyhd8ed1ab_0.conda
      - conda: https://conda.anaconda.org/conda-forge/noarch/colorama-0.4.6-pyhd8ed1ab_0.tar.bz2
      - conda: https://conda.anaconda.org/conda-forge/osx-arm64/frozenlist-1.4.1-py312he37b823_0.conda
      - conda: https://conda.anaconda.org/conda-forge/noarch/idna-3.7-pyhd8ed1ab_0.conda
      - conda: https://conda.anaconda.org/conda-forge/noarch/jmespath-1.0.1-pyhd8ed1ab_0.tar.bz2
      - conda: https://conda.anaconda.org/conda-forge/osx-arm64/libcxx-16.0.6-h4653b0c_0.conda
      - conda: https://conda.anaconda.org/conda-forge/osx-arm64/libexpat-2.6.2-hebf3989_0.conda
      - conda: https://conda.anaconda.org/conda-forge/osx-arm64/libffi-3.4.2-h3422bc3_5.tar.bz2
      - conda: https://conda.anaconda.org/conda-forge/osx-arm64/libsqlite-3.45.3-h091b4b1_0.conda
      - conda: https://conda.anaconda.org/conda-forge/osx-arm64/libzlib-1.2.13-h53f4e23_5.conda
      - conda: https://conda.anaconda.org/conda-forge/noarch/markdown-it-py-3.0.0-pyhd8ed1ab_0.conda
      - conda: https://conda.anaconda.org/conda-forge/noarch/mdurl-0.1.2-pyhd8ed1ab_0.conda
      - conda: https://conda.anaconda.org/conda-forge/osx-arm64/msgpack-python-1.0.7-py312h76e736e_0.conda
      - conda: https://conda.anaconda.org/conda-forge/osx-arm64/multidict-6.0.5-py312h670c8ac_0.conda
      - conda: https://conda.anaconda.org/conda-forge/osx-arm64/ncurses-6.4.20240210-h078ce10_0.conda
      - conda: https://conda.anaconda.org/conda-forge/osx-arm64/openssl-3.2.1-h0d3ecfb_1.conda
      - conda: https://conda.anaconda.org/conda-forge/noarch/pycparser-2.22-pyhd8ed1ab_0.conda
      - conda: https://conda.anaconda.org/conda-forge/noarch/pygments-2.17.2-pyhd8ed1ab_0.conda
      - conda: https://conda.anaconda.org/conda-forge/noarch/pysocks-1.7.1-pyha2e5f31_6.tar.bz2
      - conda: https://conda.anaconda.org/conda-forge/osx-arm64/python-3.12.3-h4a7b5fc_0_cpython.conda
      - conda: https://conda.anaconda.org/conda-forge/noarch/python-dateutil-2.9.0-pyhd8ed1ab_0.conda
      - conda: https://conda.anaconda.org/conda-forge/osx-arm64/python_abi-3.12-4_cp312.conda
      - conda: https://conda.anaconda.org/conda-forge/osx-arm64/pyzstd-0.15.9-py312ha7e2508_1.conda
      - conda: https://conda.anaconda.org/conda-forge/osx-arm64/readline-8.2-h92ec313_1.conda
      - conda: https://conda.anaconda.org/conda-forge/noarch/requests-2.31.0-pyhd8ed1ab_0.conda
      - conda: https://conda.anaconda.org/conda-forge/noarch/rich-13.7.1-pyhd8ed1ab_0.conda
      - conda: https://conda.anaconda.org/conda-forge/osx-arm64/ruff-0.4.2-py312h0ce8374_0.conda
      - conda: https://conda.anaconda.org/conda-forge/noarch/s3transfer-0.10.1-pyhd8ed1ab_0.conda
      - conda: https://conda.anaconda.org/conda-forge/noarch/six-1.16.0-pyh6c4a22f_0.tar.bz2
      - conda: https://conda.anaconda.org/conda-forge/osx-arm64/tk-8.6.13-h5083fa2_1.conda
      - conda: https://conda.anaconda.org/conda-forge/noarch/tqdm-4.66.2-pyhd8ed1ab_0.conda
      - conda: https://conda.anaconda.org/conda-forge/noarch/typing_extensions-4.11.0-pyha770c72_0.conda
      - conda: https://conda.anaconda.org/conda-forge/noarch/tzdata-2024a-h0c530f3_0.conda
      - conda: https://conda.anaconda.org/conda-forge/noarch/urllib3-2.2.1-pyhd8ed1ab_0.conda
      - conda: https://conda.anaconda.org/conda-forge/osx-arm64/xz-5.2.6-h57fd34a_0.tar.bz2
      - conda: https://conda.anaconda.org/conda-forge/osx-arm64/yarl-1.9.4-py312he37b823_0.conda
      - conda: https://conda.anaconda.org/conda-forge/osx-arm64/zstandard-0.22.0-py312h7975427_0.conda
      - conda: https://conda.anaconda.org/conda-forge/osx-arm64/zstd-1.5.5-h4f39d0f_0.conda
packages:
- kind: conda
  name: aiohttp
  version: 3.9.5
  build: py312he37b823_0
  subdir: osx-arm64
  url: https://conda.anaconda.org/conda-forge/osx-arm64/aiohttp-3.9.5-py312he37b823_0.conda
  sha256: 98bebf4177a9b296eaac0e2b2541dc4e1d2c584a278cc15e7c03f910b75810f3
  md5: 5b7aa6817d365896c16910bf7e78c099
  depends:
  - aiosignal >=1.1.2
  - attrs >=17.3.0
  - frozenlist >=1.1.1
  - multidict >=4.5,<7.0
  - python >=3.12,<3.13.0a0
  - python >=3.12,<3.13.0a0 *_cpython
  - python_abi 3.12.* *_cp312
  - yarl >=1.0,<2.0
  license: MIT AND Apache-2.0
  license_family: Apache
  size: 778874
  timestamp: 1713965321286
- kind: conda
  name: aiosignal
  version: 1.3.1
  build: pyhd8ed1ab_0
  subdir: noarch
  noarch: python
  url: https://conda.anaconda.org/conda-forge/noarch/aiosignal-1.3.1-pyhd8ed1ab_0.tar.bz2
  sha256: 575c742e14c86575986dc867463582a970463da50b77264cdf54df74f5563783
  md5: d1e1eb7e21a9e2c74279d87dafb68156
  depends:
  - frozenlist >=1.1.0
  - python >=3.7
  license: Apache-2.0
  license_family: APACHE
  size: 12730
  timestamp: 1667935912504
- kind: conda
  name: attrs
  version: 23.2.0
  build: pyh71513ae_0
  subdir: noarch
  noarch: python
  url: https://conda.anaconda.org/conda-forge/noarch/attrs-23.2.0-pyh71513ae_0.conda
  sha256: 77c7d03bdb243a048fff398cedc74327b7dc79169ebe3b4c8448b0331ea55fea
  md5: 5e4c0743c70186509d1412e03c2d8dfa
  depends:
  - python >=3.7
  license: MIT
  license_family: MIT
  size: 54582
  timestamp: 1704011393776
- kind: conda
  name: boto3
  version: 1.34.90
  build: pyhd8ed1ab_0
  subdir: noarch
  noarch: python
  url: https://conda.anaconda.org/conda-forge/noarch/boto3-1.34.90-pyhd8ed1ab_0.conda
  sha256: 42f209ebb57d744a00f28880bd79cd5ea9087f802cd5db24e94b030db79a22ea
  md5: 9fa158dc01d0f25a060bafc6c3c711a6
  depends:
  - botocore >=1.34.90,<1.35.0
  - jmespath >=0.7.1,<2.0.0
  - python >=3.8
  - s3transfer >=0.10.0,<0.11.0
  license: Apache-2.0
  license_family: Apache
  size: 80982
  timestamp: 1713924822831
- kind: conda
  name: botocore
  version: 1.34.90
  build: pyge310_1234567_0
  subdir: noarch
  noarch: python
  url: https://conda.anaconda.org/conda-forge/noarch/botocore-1.34.90-pyge310_1234567_0.conda
  sha256: 55bb2add1d2e55ccefd916bf3130ec17e5dc5a12564987a132805baea4f9cd83
  md5: 2128e9c1a123bc60bdd83f2ba2eeeeb6
  depends:
  - jmespath >=0.7.1,<2.0.0
  - python >=3.10
  - python-dateutil >=2.1,<3.0.0
  - urllib3 >=1.25.4,!=2.2.0,<3
  license: Apache-2.0
  license_family: Apache
  size: 6992404
  timestamp: 1713915260511
- kind: conda
  name: brotli-python
  version: 1.1.0
  build: py312h9f69965_1
  build_number: 1
  subdir: osx-arm64
  url: https://conda.anaconda.org/conda-forge/osx-arm64/brotli-python-1.1.0-py312h9f69965_1.conda
  sha256: 3418b1738243abba99e931c017b952771eeaa1f353c07f7d45b55e83bb74fcb3
  md5: 1bc01b9ffdf42beb1a9fe4e9222e0567
  depends:
  - libcxx >=15.0.7
  - python >=3.12.0rc3,<3.13.0a0
  - python >=3.12.0rc3,<3.13.0a0 *_cpython
  - python_abi 3.12.* *_cp312
  constrains:
  - libbrotlicommon 1.1.0 hb547adb_1
  license: MIT
  license_family: MIT
  size: 343435
  timestamp: 1695990731924
- kind: conda
  name: bzip2
  version: 1.0.8
  build: h93a5062_5
  build_number: 5
  subdir: osx-arm64
  url: https://conda.anaconda.org/conda-forge/osx-arm64/bzip2-1.0.8-h93a5062_5.conda
  sha256: bfa84296a638bea78a8bb29abc493ee95f2a0218775642474a840411b950fe5f
  md5: 1bbc659ca658bfd49a481b5ef7a0f40f
  license: bzip2-1.0.6
  license_family: BSD
  size: 122325
  timestamp: 1699280294368
- kind: conda
  name: ca-certificates
  version: 2024.2.2
  build: hf0a4a13_0
  subdir: osx-arm64
  url: https://conda.anaconda.org/conda-forge/osx-arm64/ca-certificates-2024.2.2-hf0a4a13_0.conda
  sha256: 49bc3439816ac72d0c0e0f144b8cc870fdcc4adec2e861407ec818d8116b2204
  md5: fb416a1795f18dcc5a038bc2dc54edf9
  license: ISC
  size: 155725
  timestamp: 1706844034242
- kind: conda
  name: certifi
  version: 2024.2.2
  build: pyhd8ed1ab_0
  subdir: noarch
  noarch: python
  url: https://conda.anaconda.org/conda-forge/noarch/certifi-2024.2.2-pyhd8ed1ab_0.conda
  sha256: f1faca020f988696e6b6ee47c82524c7806380b37cfdd1def32f92c326caca54
  md5: 0876280e409658fc6f9e75d035960333
  depends:
  - python >=3.7
  license: ISC
  size: 160559
  timestamp: 1707022289175
- kind: conda
  name: cffi
  version: 1.16.0
  build: py312h8e38eb3_0
  subdir: osx-arm64
  url: https://conda.anaconda.org/conda-forge/osx-arm64/cffi-1.16.0-py312h8e38eb3_0.conda
  sha256: 1544403cb1a5ca2aeabf0dac86d9ce6066d6fb4363493643b33ffd1b78038d18
  md5: 960ecbd65860d3b1de5e30373e1bffb1
  depends:
  - libffi >=3.4,<4.0a0
  - pycparser
  - python >=3.12.0rc3,<3.13.0a0
  - python >=3.12.0rc3,<3.13.0a0 *_cpython
  - python_abi 3.12.* *_cp312
  license: MIT
  license_family: MIT
  size: 284245
  timestamp: 1696002181644
- kind: conda
  name: charset-normalizer
  version: 3.3.2
  build: pyhd8ed1ab_0
  subdir: noarch
  noarch: python
  url: https://conda.anaconda.org/conda-forge/noarch/charset-normalizer-3.3.2-pyhd8ed1ab_0.conda
  sha256: 20cae47d31fdd58d99c4d2e65fbdcefa0b0de0c84e455ba9d6356a4bdbc4b5b9
  md5: 7f4a9e3fcff3f6356ae99244a014da6a
  depends:
  - python >=3.7
  license: MIT
  license_family: MIT
  size: 46597
  timestamp: 1698833765762
- kind: conda
  name: colorama
  version: 0.4.6
  build: pyhd8ed1ab_0
  subdir: noarch
  noarch: python
  url: https://conda.anaconda.org/conda-forge/noarch/colorama-0.4.6-pyhd8ed1ab_0.tar.bz2
  sha256: 2c1b2e9755ce3102bca8d69e8f26e4f087ece73f50418186aee7c74bef8e1698
  md5: 3faab06a954c2a04039983f2c4a50d99
  depends:
  - python >=3.7
  license: BSD-3-Clause
  license_family: BSD
  size: 25170
  timestamp: 1666700778190
- kind: conda
  name: frozenlist
  version: 1.4.1
  build: py312he37b823_0
  subdir: osx-arm64
  url: https://conda.anaconda.org/conda-forge/osx-arm64/frozenlist-1.4.1-py312he37b823_0.conda
  sha256: c51735c67461632ff8bc0bbf5a3d0b389b8e9e4686a13642a010dcb514954e35
  md5: 6cf2f14438b53376e9e1a4e75b44935c
  depends:
  - python >=3.12,<3.13.0a0
  - python >=3.12,<3.13.0a0 *_cpython
  - python_abi 3.12.* *_cp312
  license: Apache-2.0
  license_family: APACHE
  size: 52950
  timestamp: 1702645976558
- kind: conda
  name: idna
  version: '3.7'
  build: pyhd8ed1ab_0
  subdir: noarch
  noarch: python
  url: https://conda.anaconda.org/conda-forge/noarch/idna-3.7-pyhd8ed1ab_0.conda
  sha256: 9687ee909ed46169395d4f99a0ee94b80a52f87bed69cd454bb6d37ffeb0ec7b
  md5: c0cc1420498b17414d8617d0b9f506ca
  depends:
  - python >=3.6
  license: BSD-3-Clause
  license_family: BSD
  size: 52718
  timestamp: 1713279497047
- kind: conda
  name: jmespath
  version: 1.0.1
  build: pyhd8ed1ab_0
  subdir: noarch
  noarch: python
  url: https://conda.anaconda.org/conda-forge/noarch/jmespath-1.0.1-pyhd8ed1ab_0.tar.bz2
  sha256: 95ac5f9ee95fd4e34dc051746fc86016d3d4f6abefed113e2ede049d59ec2991
  md5: 2cfa3e1cf3fb51bb9b17acc5b5e9ea11
  depends:
  - python >=3.7
  license: MIT
  license_family: MIT
  size: 21003
  timestamp: 1655568358125
- kind: conda
  name: libcxx
  version: 16.0.6
  build: h4653b0c_0
  subdir: osx-arm64
  url: https://conda.anaconda.org/conda-forge/osx-arm64/libcxx-16.0.6-h4653b0c_0.conda
  sha256: 11d3fb51c14832d9e4f6d84080a375dec21ea8a3a381a1910e67ff9cedc20355
  md5: 9d7d724faf0413bf1dbc5a85935700c8
  license: Apache-2.0 WITH LLVM-exception
  license_family: Apache
  size: 1160232
  timestamp: 1686896993785
- kind: conda
  name: libexpat
  version: 2.6.2
  build: hebf3989_0
  subdir: osx-arm64
  url: https://conda.anaconda.org/conda-forge/osx-arm64/libexpat-2.6.2-hebf3989_0.conda
  sha256: ba7173ac30064ea901a4c9fb5a51846dcc25512ceb565759be7d18cbf3e5415e
  md5: e3cde7cfa87f82f7cb13d482d5e0ad09
  constrains:
  - expat 2.6.2.*
  license: MIT
  license_family: MIT
  size: 63655
  timestamp: 1710362424980
- kind: conda
  name: libffi
  version: 3.4.2
  build: h3422bc3_5
  build_number: 5
  subdir: osx-arm64
  url: https://conda.anaconda.org/conda-forge/osx-arm64/libffi-3.4.2-h3422bc3_5.tar.bz2
  sha256: 41b3d13efb775e340e4dba549ab5c029611ea6918703096b2eaa9c015c0750ca
  md5: 086914b672be056eb70fd4285b6783b6
  license: MIT
  license_family: MIT
  size: 39020
  timestamp: 1636488587153
- kind: conda
  name: libsqlite
  version: 3.45.3
  build: h091b4b1_0
  subdir: osx-arm64
  url: https://conda.anaconda.org/conda-forge/osx-arm64/libsqlite-3.45.3-h091b4b1_0.conda
  sha256: 4337f466eb55bbdc74e168b52ec8c38f598e3664244ec7a2536009036e2066cc
  md5: c8c1186c7f3351f6ffddb97b1f54fc58
  depends:
  - libzlib >=1.2.13,<1.3.0a0
  license: Unlicense
  size: 824794
  timestamp: 1713367748819
- kind: conda
  name: libzlib
  version: 1.2.13
  build: h53f4e23_5
  build_number: 5
  subdir: osx-arm64
  url: https://conda.anaconda.org/conda-forge/osx-arm64/libzlib-1.2.13-h53f4e23_5.conda
  sha256: ab1c8aefa2d54322a63aaeeefe9cf877411851738616c4068e0dccc66b9c758a
  md5: 1a47f5236db2e06a320ffa0392f81bd8
  constrains:
  - zlib 1.2.13 *_5
  license: Zlib
  license_family: Other
  size: 48102
  timestamp: 1686575426584
- kind: conda
  name: markdown-it-py
  version: 3.0.0
  build: pyhd8ed1ab_0
  subdir: noarch
  noarch: python
  url: https://conda.anaconda.org/conda-forge/noarch/markdown-it-py-3.0.0-pyhd8ed1ab_0.conda
  sha256: c041b0eaf7a6af3344d5dd452815cdc148d6284fec25a4fa3f4263b3a021e962
  md5: 93a8e71256479c62074356ef6ebf501b
  depends:
  - mdurl >=0.1,<1
  - python >=3.8
  license: MIT
  license_family: MIT
  size: 64356
  timestamp: 1686175179621
- kind: conda
  name: mdurl
  version: 0.1.2
  build: pyhd8ed1ab_0
  subdir: noarch
  noarch: python
  url: https://conda.anaconda.org/conda-forge/noarch/mdurl-0.1.2-pyhd8ed1ab_0.conda
  sha256: 64073dfb6bb429d52fff30891877b48c7ec0f89625b1bf844905b66a81cce6e1
  md5: 776a8dd9e824f77abac30e6ef43a8f7a
  depends:
  - python >=3.6
  license: MIT
  license_family: MIT
  size: 14680
  timestamp: 1704317789138
- kind: conda
  name: msgpack-python
  version: 1.0.7
  build: py312h76e736e_0
  subdir: osx-arm64
  url: https://conda.anaconda.org/conda-forge/osx-arm64/msgpack-python-1.0.7-py312h76e736e_0.conda
  sha256: 8447b40606b87d5f51b4e60646db9470e80b96d81bfb64b737ee3db5bcf853a2
  md5: da9f2349c5090c2b26cfac93f50666ab
  depends:
  - __osx >=10.9
  - libcxx >=16.0.6
  - python >=3.12,<3.13.0a0
  - python >=3.12,<3.13.0a0 *_cpython
  - python_abi 3.12.* *_cp312
  license: Apache-2.0
  license_family: Apache
  size: 192992
  timestamp: 1700926923482
- kind: conda
  name: multidict
  version: 6.0.5
  build: py312h670c8ac_0
  subdir: osx-arm64
  url: https://conda.anaconda.org/conda-forge/osx-arm64/multidict-6.0.5-py312h670c8ac_0.conda
  sha256: d7a15bf4dda045aa0808c2f90eb53759d7d1c7a88b9a98713b182ff231bfaba0
  md5: 5f132dbfff9d4ac73f5d4786459b22ba
  depends:
  - python >=3.12,<3.13.0a0
  - python >=3.12,<3.13.0a0 *_cpython
  - python_abi 3.12.* *_cp312
  license: Apache-2.0
  license_family: APACHE
  size: 55186
  timestamp: 1707041093658
- kind: conda
  name: ncurses
  version: 6.4.20240210
  build: h078ce10_0
  subdir: osx-arm64
  url: https://conda.anaconda.org/conda-forge/osx-arm64/ncurses-6.4.20240210-h078ce10_0.conda
  sha256: 06f0905791575e2cd3aa961493c56e490b3d82ad9eb49f1c332bd338b0216911
  md5: 616ae8691e6608527d0071e6766dcb81
  license: X11 AND BSD-3-Clause
  size: 820249
  timestamp: 1710866874348
- kind: conda
  name: openssl
  version: 3.2.1
  build: h0d3ecfb_1
  build_number: 1
  subdir: osx-arm64
  url: https://conda.anaconda.org/conda-forge/osx-arm64/openssl-3.2.1-h0d3ecfb_1.conda
  sha256: 519dc941d7ab0ebf31a2878d85c2f444450e7c5f6f41c4d07252c6bb3417b78b
  md5: eb580fb888d93d5d550c557323ac5cee
  depends:
  - ca-certificates
  constrains:
  - pyopenssl >=22.1
  license: Apache-2.0
  license_family: Apache
  size: 2855250
  timestamp: 1710793435903
- kind: conda
  name: pycparser
  version: '2.22'
  build: pyhd8ed1ab_0
  subdir: noarch
  noarch: python
  url: https://conda.anaconda.org/conda-forge/noarch/pycparser-2.22-pyhd8ed1ab_0.conda
  sha256: 406001ebf017688b1a1554b49127ca3a4ac4626ec0fd51dc75ffa4415b720b64
  md5: 844d9eb3b43095b031874477f7d70088
  depends:
  - python >=3.8
  license: BSD-3-Clause
  license_family: BSD
  size: 105098
  timestamp: 1711811634025
- kind: conda
  name: pygments
  version: 2.17.2
  build: pyhd8ed1ab_0
  subdir: noarch
  noarch: python
  url: https://conda.anaconda.org/conda-forge/noarch/pygments-2.17.2-pyhd8ed1ab_0.conda
  sha256: af5f8867450dc292f98ea387d4d8945fc574284677c8f60eaa9846ede7387257
  md5: 140a7f159396547e9799aa98f9f0742e
  depends:
  - python >=3.7
  license: BSD-2-Clause
  license_family: BSD
  size: 860425
  timestamp: 1700608076927
- kind: conda
  name: pysocks
  version: 1.7.1
  build: pyha2e5f31_6
  build_number: 6
  subdir: noarch
  noarch: python
  url: https://conda.anaconda.org/conda-forge/noarch/pysocks-1.7.1-pyha2e5f31_6.tar.bz2
  sha256: a42f826e958a8d22e65b3394f437af7332610e43ee313393d1cf143f0a2d274b
  md5: 2a7de29fb590ca14b5243c4c812c8025
  depends:
  - __unix
  - python >=3.8
  license: BSD-3-Clause
  license_family: BSD
  size: 18981
  timestamp: 1661604969727
- kind: conda
  name: python
  version: 3.12.3
  build: h4a7b5fc_0_cpython
  subdir: osx-arm64
  url: https://conda.anaconda.org/conda-forge/osx-arm64/python-3.12.3-h4a7b5fc_0_cpython.conda
  sha256: c761fb3713ea66bce3889b33b6f400afb2dd192d1fc2686446e9d8166cfcec6b
  md5: 8643ab37bece6ae8f112464068d9df9c
  depends:
  - __osx >=11.0
  - bzip2 >=1.0.8,<2.0a0
  - libexpat >=2.6.2,<3.0a0
  - libffi >=3.4,<4.0a0
  - libsqlite >=3.45.2,<4.0a0
  - libzlib >=1.2.13,<1.3.0a0
  - ncurses >=6.4.20240210,<7.0a0
  - openssl >=3.2.1,<4.0a0
  - readline >=8.2,<9.0a0
  - tk >=8.6.13,<8.7.0a0
  - tzdata
  - xz >=5.2.6,<6.0a0
  constrains:
  - python_abi 3.12.* *_cp312
  license: Python-2.0
  size: 13207557
  timestamp: 1713206576646
- kind: conda
  name: python-dateutil
  version: 2.9.0
  build: pyhd8ed1ab_0
  subdir: noarch
  noarch: python
  url: https://conda.anaconda.org/conda-forge/noarch/python-dateutil-2.9.0-pyhd8ed1ab_0.conda
  sha256: f3ceef02ac164a8d3a080d0d32f8e2ebe10dd29e3a685d240e38b3599e146320
  md5: 2cf4264fffb9e6eff6031c5b6884d61c
  depends:
  - python >=3.7
  - six >=1.5
  license: Apache-2.0
  license_family: APACHE
  size: 222742
  timestamp: 1709299922152
- kind: conda
  name: python_abi
  version: '3.12'
  build: 4_cp312
  build_number: 4
  subdir: osx-arm64
  url: https://conda.anaconda.org/conda-forge/osx-arm64/python_abi-3.12-4_cp312.conda
  sha256: db25428e4f24f8693ffa39f3ff6dfbb8fd53bc298764b775b57edab1c697560f
  md5: bbb3a02c78b2d8219d7213f76d644a2a
  constrains:
  - python 3.12.* *_cpython
  license: BSD-3-Clause
  license_family: BSD
  size: 6508
  timestamp: 1695147497048
- kind: conda
  name: pyzstd
  version: 0.15.9
  build: py312ha7e2508_1
  build_number: 1
  subdir: osx-arm64
  url: https://conda.anaconda.org/conda-forge/osx-arm64/pyzstd-0.15.9-py312ha7e2508_1.conda
  sha256: d61de7d631b42c62b427a78acefa14520f2b5bff9a973631ee827f0a3f2e67ce
  md5: f3584079cfa301fa30ec36c3e73cb773
  depends:
  - python >=3.12.0rc3,<3.13.0a0
  - python >=3.12.0rc3,<3.13.0a0 *_cpython
  - python_abi 3.12.* *_cp312
  - zstd >=1.5.5,<1.6.0a0
  license: BSD-3-Clause
  license_family: BSD
  size: 99905
  timestamp: 1695612305671
- kind: conda
  name: readline
  version: '8.2'
  build: h92ec313_1
  build_number: 1
  subdir: osx-arm64
  url: https://conda.anaconda.org/conda-forge/osx-arm64/readline-8.2-h92ec313_1.conda
  sha256: a1dfa679ac3f6007362386576a704ad2d0d7a02e98f5d0b115f207a2da63e884
  md5: 8cbb776a2f641b943d413b3e19df71f4
  depends:
  - ncurses >=6.3,<7.0a0
  license: GPL-3.0-only
  license_family: GPL
  size: 250351
  timestamp: 1679532511311
- kind: conda
  name: requests
  version: 2.31.0
  build: pyhd8ed1ab_0
  subdir: noarch
  noarch: python
  url: https://conda.anaconda.org/conda-forge/noarch/requests-2.31.0-pyhd8ed1ab_0.conda
  sha256: 9f629d6fd3c8ac5f2a198639fe7af87c4db2ac9235279164bfe0fcb49d8c4bad
  md5: a30144e4156cdbb236f99ebb49828f8b
  depends:
  - certifi >=2017.4.17
  - charset-normalizer >=2,<4
  - idna >=2.5,<4
  - python >=3.7
  - urllib3 >=1.21.1,<3
  constrains:
  - chardet >=3.0.2,<6
  license: Apache-2.0
  license_family: APACHE
  size: 56690
  timestamp: 1684774408600
- kind: conda
  name: rich
  version: 13.7.1
  build: pyhd8ed1ab_0
  subdir: noarch
  noarch: python
  url: https://conda.anaconda.org/conda-forge/noarch/rich-13.7.1-pyhd8ed1ab_0.conda
  sha256: 2b26d58aa59e46f933c3126367348651b0dab6e0bf88014e857415bb184a4667
  md5: ba445bf767ae6f0d959ff2b40c20912b
  depends:
  - markdown-it-py >=2.2.0
  - pygments >=2.13.0,<3.0.0
  - python >=3.7.0
  - typing_extensions >=4.0.0,<5.0.0
  license: MIT
  license_family: MIT
  size: 184347
  timestamp: 1709150578093
- kind: conda
  name: ruff
  version: 0.4.2
  build: py312h0ce8374_0
  subdir: osx-arm64
  url: https://conda.anaconda.org/conda-forge/osx-arm64/ruff-0.4.2-py312h0ce8374_0.conda
  sha256: 338790903cf82c38cf619518db481b47782d7200386d3656f29bcd74f128f80c
  md5: f4e345cc67fb8e2daffe3937ad8a3ba4
  depends:
  - __osx >=11.0
  - libcxx >=16
  - python >=3.12,<3.13.0a0
  - python >=3.12,<3.13.0a0 *_cpython
  - python_abi 3.12.* *_cp312
  constrains:
  - __osx >=11.0
  license: MIT
  license_family: MIT
  size: 5839080
  timestamp: 1714090259716
- kind: conda
  name: s3transfer
  version: 0.10.1
  build: pyhd8ed1ab_0
  subdir: noarch
  noarch: python
  url: https://conda.anaconda.org/conda-forge/noarch/s3transfer-0.10.1-pyhd8ed1ab_0.conda
  sha256: 1802059a0df82b191ecd4afab9c93599033b88370fac2b4d0e9687a831e92ab4
  md5: a41cafc1fb653ce0e48b9310226e90fd
  depends:
  - botocore >=1.33.2,<2.0a.0
  - python >=3.8
  license: Apache-2.0
  license_family: Apache
  size: 62624
  timestamp: 1710497407653
- kind: conda
  name: six
  version: 1.16.0
  build: pyh6c4a22f_0
  subdir: noarch
  noarch: python
  url: https://conda.anaconda.org/conda-forge/noarch/six-1.16.0-pyh6c4a22f_0.tar.bz2
  sha256: a85c38227b446f42c5b90d9b642f2c0567880c15d72492d8da074a59c8f91dd6
  md5: e5f25f8dbc060e9a8d912e432202afc2
  depends:
  - python
  license: MIT
  license_family: MIT
  size: 14259
  timestamp: 1620240338595
- kind: conda
  name: tk
  version: 8.6.13
  build: h5083fa2_1
  build_number: 1
  subdir: osx-arm64
  url: https://conda.anaconda.org/conda-forge/osx-arm64/tk-8.6.13-h5083fa2_1.conda
  sha256: 72457ad031b4c048e5891f3f6cb27a53cb479db68a52d965f796910e71a403a8
  md5: b50a57ba89c32b62428b71a875291c9b
  depends:
  - libzlib >=1.2.13,<1.3.0a0
  license: TCL
  license_family: BSD
  size: 3145523
  timestamp: 1699202432999
- kind: conda
  name: tqdm
  version: 4.66.2
  build: pyhd8ed1ab_0
  subdir: noarch
  noarch: python
  url: https://conda.anaconda.org/conda-forge/noarch/tqdm-4.66.2-pyhd8ed1ab_0.conda
  sha256: 416d1d9318f3267325ad7e2b8a575df20ff9031197b30c0222c3d3b023877260
  md5: 2b8dfb969f984497f3f98409a9545776
  depends:
  - colorama
  - python >=3.7
  license: MPL-2.0 or MIT
  size: 89567
  timestamp: 1707598746354
- kind: conda
  name: typing_extensions
  version: 4.11.0
  build: pyha770c72_0
  subdir: noarch
  noarch: python
  url: https://conda.anaconda.org/conda-forge/noarch/typing_extensions-4.11.0-pyha770c72_0.conda
  sha256: a7e8714d14f854058e971a6ed44f18cc37cc685f98ddefb2e6b7899a0cc4d1a2
  md5: 6ef2fc37559256cf682d8b3375e89b80
  depends:
  - python >=3.8
  license: PSF-2.0
  license_family: PSF
  size: 37583
  timestamp: 1712330089194
- kind: conda
  name: tzdata
  version: 2024a
  build: h0c530f3_0
  subdir: noarch
  noarch: generic
  url: https://conda.anaconda.org/conda-forge/noarch/tzdata-2024a-h0c530f3_0.conda
  sha256: 7b2b69c54ec62a243eb6fba2391b5e443421608c3ae5dbff938ad33ca8db5122
  md5: 161081fc7cec0bfda0d86d7cb595f8d8
  license: LicenseRef-Public-Domain
  size: 119815
  timestamp: 1706886945727
- kind: conda
  name: urllib3
  version: 2.2.1
  build: pyhd8ed1ab_0
  subdir: noarch
  noarch: python
  url: https://conda.anaconda.org/conda-forge/noarch/urllib3-2.2.1-pyhd8ed1ab_0.conda
  sha256: d4009dcc9327684d6409706ce17656afbeae690d8522d3c9bc4df57649a352cd
  md5: 08807a87fa7af10754d46f63b368e016
  depends:
  - brotli-python >=1.0.9
  - pysocks >=1.5.6,<2.0,!=1.5.7
  - python >=3.7
  license: MIT
  license_family: MIT
  size: 94669
  timestamp: 1708239595549
- kind: conda
  name: xz
  version: 5.2.6
  build: h57fd34a_0
  subdir: osx-arm64
  url: https://conda.anaconda.org/conda-forge/osx-arm64/xz-5.2.6-h57fd34a_0.tar.bz2
  sha256: 59d78af0c3e071021cfe82dc40134c19dab8cdf804324b62940f5c8cd71803ec
  md5: 39c6b54e94014701dd157f4f576ed211
  license: LGPL-2.1 and GPL-2.0
  size: 235693
  timestamp: 1660346961024
- kind: conda
  name: yarl
  version: 1.9.4
  build: py312he37b823_0
  subdir: osx-arm64
  url: https://conda.anaconda.org/conda-forge/osx-arm64/yarl-1.9.4-py312he37b823_0.conda
  sha256: 4ed261d50453813ceff0777b439d1646999ae3f8eba86775655a78d5411c9769
  md5: 44ead39ed723937c4701dcb040ff8df6
  depends:
  - idna >=2.0
  - multidict >=4.0
  - python >=3.12,<3.13.0a0
  - python >=3.12,<3.13.0a0 *_cpython
  - python_abi 3.12.* *_cp312
  license: Apache-2.0
  license_family: Apache
  size: 111018
  timestamp: 1705509068239
- kind: conda
  name: zstandard
  version: 0.22.0
  build: py312h7975427_0
  subdir: osx-arm64
  url: https://conda.anaconda.org/conda-forge/osx-arm64/zstandard-0.22.0-py312h7975427_0.conda
  sha256: af2e7339e65d85c02c0097e16961bf8aa6d2eb0705644ddd82f722583bd6b134
  md5: 10c282af2c570a5a52173fd571693ec6
  depends:
  - cffi >=1.11
  - python >=3.12,<3.13.0a0
  - python >=3.12,<3.13.0a0 *_cpython
  - python_abi 3.12.* *_cp312
  - zstd >=1.5.5,<1.5.6.0a0
  - zstd >=1.5.5,<1.6.0a0
  license: BSD-3-Clause
  license_family: BSD
  size: 331245
  timestamp: 1698830496330
- kind: conda
  name: zstd
  version: 1.5.5
  build: h4f39d0f_0
  subdir: osx-arm64
  url: https://conda.anaconda.org/conda-forge/osx-arm64/zstd-1.5.5-h4f39d0f_0.conda
  sha256: 7e1fe6057628bbb56849a6741455bbb88705bae6d6646257e57904ac5ee5a481
  md5: 5b212cfb7f9d71d603ad891879dc7933
  depends:
  - libzlib >=1.2.13,<1.3.0a0
  license: BSD-3-Clause
  license_family: BSD
  size: 400508
  timestamp: 1693151393180
